// !$*UTF8*$!
{
	archiveVersion = 1;
	classes = {
	};
	objectVersion = 46;
	objects = {

/* Begin PBXBuildFile section */
		21687FF6187DFB9400E08886 /* Casey's Picture.png in Resources */ = {isa = PBXBuildFile; fileRef = 21687FF5187DFB9400E08886 /* Casey's Picture.png */; };
		21687FFA187E00CA00E08886 /* Casey's Picture@2x.png in Resources */ = {isa = PBXBuildFile; fileRef = 21687FF9187E00CA00E08886 /* Casey's Picture@2x.png */; };
		CF108BDD185C0A01001E6706 /* Foundation.framework in Frameworks */ = {isa = PBXBuildFile; fileRef = CF108BDC185C0A01001E6706 /* Foundation.framework */; };
		CF108BDF185C0A01001E6706 /* CoreGraphics.framework in Frameworks */ = {isa = PBXBuildFile; fileRef = CF108BDE185C0A01001E6706 /* CoreGraphics.framework */; };
		CF108BE1185C0A01001E6706 /* UIKit.framework in Frameworks */ = {isa = PBXBuildFile; fileRef = CF108BE0185C0A01001E6706 /* UIKit.framework */; };
		CF108BE7185C0A01001E6706 /* InfoPlist.strings in Resources */ = {isa = PBXBuildFile; fileRef = CF108BE5185C0A01001E6706 /* InfoPlist.strings */; };
		CF108BE9185C0A01001E6706 /* main.m in Sources */ = {isa = PBXBuildFile; fileRef = CF108BE8185C0A01001E6706 /* main.m */; };
		CF108BED185C0A01001E6706 /* AAAppDelegate.m in Sources */ = {isa = PBXBuildFile; fileRef = CF108BEC185C0A01001E6706 /* AAAppDelegate.m */; };
		CF108BF0185C0A01001E6706 /* Main.storyboard in Resources */ = {isa = PBXBuildFile; fileRef = CF108BEE185C0A01001E6706 /* Main.storyboard */; };
		CF108BF3185C0A01001E6706 /* AAFirstViewController.m in Sources */ = {isa = PBXBuildFile; fileRef = CF108BF2185C0A01001E6706 /* AAFirstViewController.m */; };
		CF108BF8185C0A01001E6706 /* Images.xcassets in Resources */ = {isa = PBXBuildFile; fileRef = CF108BF7185C0A01001E6706 /* Images.xcassets */; };
		CF108BFF185C0A01001E6706 /* XCTest.framework in Frameworks */ = {isa = PBXBuildFile; fileRef = CF108BFE185C0A01001E6706 /* XCTest.framework */; };
		CF108C00185C0A01001E6706 /* Foundation.framework in Frameworks */ = {isa = PBXBuildFile; fileRef = CF108BDC185C0A01001E6706 /* Foundation.framework */; };
		CF108C01185C0A01001E6706 /* UIKit.framework in Frameworks */ = {isa = PBXBuildFile; fileRef = CF108BE0185C0A01001E6706 /* UIKit.framework */; };
		CF108C09185C0A01001E6706 /* InfoPlist.strings in Resources */ = {isa = PBXBuildFile; fileRef = CF108C07185C0A01001E6706 /* InfoPlist.strings */; };
		CF108C0B185C0A01001E6706 /* PoingTests.m in Sources */ = {isa = PBXBuildFile; fileRef = CF108C0A185C0A01001E6706 /* PoingTests.m */; };
		CF108C16185C3D01001E6706 /* BellSchedule.xcdatamodeld in Sources */ = {isa = PBXBuildFile; fileRef = CF108C14185C3D01001E6706 /* BellSchedule.xcdatamodeld */; };
		CF85FCE3185D4F7000C70BE1 /* Period.m in Sources */ = {isa = PBXBuildFile; fileRef = CF85FCE2185D4F7000C70BE1 /* Period.m */; };
		CF85FCE9185D4F7000C70BE1 /* Bell.m in Sources */ = {isa = PBXBuildFile; fileRef = CF85FCE8185D4F7000C70BE1 /* Bell.m */; };
		CF85FCEC185D4F7000C70BE1 /* BellCyclePeriod.m in Sources */ = {isa = PBXBuildFile; fileRef = CF85FCEB185D4F7000C70BE1 /* BellCyclePeriod.m */; };
		CF85FCEF185D4F7000C70BE1 /* Cycle.m in Sources */ = {isa = PBXBuildFile; fileRef = CF85FCEE185D4F7000C70BE1 /* Cycle.m */; };
		CF85FCF2185D4FB400C70BE1 /* AAScheduleLoader.m in Sources */ = {isa = PBXBuildFile; fileRef = CF85FCF1185D4FB400C70BE1 /* AAScheduleLoader.m */; };
		CF85FCF4185D501400C70BE1 /* CoreData.framework in Frameworks */ = {isa = PBXBuildFile; fileRef = CF85FCF3185D501400C70BE1 /* CoreData.framework */; };
		CF85FCF7185D5C7900C70BE1 /* Bell+Create.m in Sources */ = {isa = PBXBuildFile; fileRef = CF85FCF6185D5C7900C70BE1 /* Bell+Create.m */; };
		CF85FCFA185D712500C70BE1 /* Cycle+Create.m in Sources */ = {isa = PBXBuildFile; fileRef = CF85FCF9185D712500C70BE1 /* Cycle+Create.m */; };
		CF85FCFD185D7EC100C70BE1 /* Period+Create.m in Sources */ = {isa = PBXBuildFile; fileRef = CF85FCFC185D7EC100C70BE1 /* Period+Create.m */; };
		CF85FD08185E492D00C70BE1 /* SchoolDay.m in Sources */ = {isa = PBXBuildFile; fileRef = CF85FD07185E492D00C70BE1 /* SchoolDay.m */; };
		CF85FD0B185E494F00C70BE1 /* SchoolDay+Create.m in Sources */ = {isa = PBXBuildFile; fileRef = CF85FD0A185E494F00C70BE1 /* SchoolDay+Create.m */; };
		CF85FD0E185E4D1100C70BE1 /* BellCycle+Create.m in Sources */ = {isa = PBXBuildFile; fileRef = CF85FD0D185E4D1100C70BE1 /* BellCycle+Create.m */; };
		CF85FD10185E5B5800C70BE1 /* schedule.json in Resources */ = {isa = PBXBuildFile; fileRef = CF85FD0F185E5B5800C70BE1 /* schedule.json */; };
		CF85FD13185E635300C70BE1 /* CoreDataTableViewController.m in Sources */ = {isa = PBXBuildFile; fileRef = CF85FD12185E635300C70BE1 /* CoreDataTableViewController.m */; };
		CF85FD16185E649500C70BE1 /* AASchoolDayCDTVC.m in Sources */ = {isa = PBXBuildFile; fileRef = CF85FD15185E649500C70BE1 /* AASchoolDayCDTVC.m */; };
		CF85FD64185E6EF800C70BE1 /* BellCycle+Info.m in Sources */ = {isa = PBXBuildFile; fileRef = CF85FD63185E6EF800C70BE1 /* BellCycle+Info.m */; };
		CF85FD67185E7FBA00C70BE1 /* BellCyclePeriod+Create.m in Sources */ = {isa = PBXBuildFile; fileRef = CF85FD66185E7FBA00C70BE1 /* BellCyclePeriod+Create.m */; };
		CF85FD6A185EEE0900C70BE1 /* AABellScheduleVC.m in Sources */ = {isa = PBXBuildFile; fileRef = CF85FD69185EEE0900C70BE1 /* AABellScheduleVC.m */; };
		CF85FD6D185EF2B900C70BE1 /* BellCyclePeriod+Info.m in Sources */ = {isa = PBXBuildFile; fileRef = CF85FD6C185EF2B900C70BE1 /* BellCyclePeriod+Info.m */; };
		CF85FD70185EF63100C70BE1 /* BellCycle.m in Sources */ = {isa = PBXBuildFile; fileRef = CF85FD6F185EF63100C70BE1 /* BellCycle.m */; };
		CF85FD73185EFD5100C70BE1 /* SchoolDay+Info.m in Sources */ = {isa = PBXBuildFile; fileRef = CF85FD72185EFD5100C70BE1 /* SchoolDay+Info.m */; };
		CFB489F8187A84EC00B0C406 /* Section.m in Sources */ = {isa = PBXBuildFile; fileRef = CFB489F7187A84EC00B0C406 /* Section.m */; };
		CFB56D42186663FA007ABFB1 /* AACheckScheduleVC.m in Sources */ = {isa = PBXBuildFile; fileRef = CFB56D41186663FA007ABFB1 /* AACheckScheduleVC.m */; };
		CFB56D4518667B0A007ABFB1 /* AASchedule.m in Sources */ = {isa = PBXBuildFile; fileRef = CFB56D4418667B0A007ABFB1 /* AASchedule.m */; };
		CFB56D481866D1D8007ABFB1 /* AADate.m in Sources */ = {isa = PBXBuildFile; fileRef = CFB56D471866D1D8007ABFB1 /* AADate.m */; };
		CFB56D4A1866E197007ABFB1 /* QuartzCore.framework in Frameworks */ = {isa = PBXBuildFile; fileRef = CFB56D491866E197007ABFB1 /* QuartzCore.framework */; };
		CFB56D5C1867B770007ABFB1 /* Teacher.m in Sources */ = {isa = PBXBuildFile; fileRef = CFB56D5B1867B770007ABFB1 /* Teacher.m */; };
		CFB56D5F1867B770007ABFB1 /* Course.m in Sources */ = {isa = PBXBuildFile; fileRef = CFB56D5E1867B770007ABFB1 /* Course.m */; };
		CFB56D631867B7AC007ABFB1 /* Course+Create.m in Sources */ = {isa = PBXBuildFile; fileRef = CFB56D621867B7AC007ABFB1 /* Course+Create.m */; };
		CFB56D661867B85F007ABFB1 /* Teacher+Create.m in Sources */ = {isa = PBXBuildFile; fileRef = CFB56D651867B85F007ABFB1 /* Teacher+Create.m */; };
		CFB56D691867B9D3007ABFB1 /* Section+Create.m in Sources */ = {isa = PBXBuildFile; fileRef = CFB56D681867B9D3007ABFB1 /* Section+Create.m */; };
		CFB56D6C1867BBAB007ABFB1 /* AATeacherLoader.m in Sources */ = {isa = PBXBuildFile; fileRef = CFB56D6B1867BBAB007ABFB1 /* AATeacherLoader.m */; };
		CFB56D6E1867C4A2007ABFB1 /* teachers.json in Resources */ = {isa = PBXBuildFile; fileRef = CFB56D6D1867C4A2007ABFB1 /* teachers.json */; };
/* End PBXBuildFile section */

/* Begin PBXContainerItemProxy section */
		CF108C02185C0A01001E6706 /* PBXContainerItemProxy */ = {
			isa = PBXContainerItemProxy;
			containerPortal = CF108BD1185C0A01001E6706 /* Project object */;
			proxyType = 1;
			remoteGlobalIDString = CF108BD8185C0A01001E6706;
			remoteInfo = Poing;
		};
/* End PBXContainerItemProxy section */

/* Begin PBXFileReference section */
		21687FF5187DFB9400E08886 /* Casey's Picture.png */ = {isa = PBXFileReference; lastKnownFileType = image.png; path = "Casey's Picture.png"; sourceTree = "<group>"; };
		21687FF9187E00CA00E08886 /* Casey's Picture@2x.png */ = {isa = PBXFileReference; lastKnownFileType = image.png; path = "Casey's Picture@2x.png"; sourceTree = "<group>"; };
		CF108BD9185C0A01001E6706 /* Poing.app */ = {isa = PBXFileReference; explicitFileType = wrapper.application; includeInIndex = 0; path = Poing.app; sourceTree = BUILT_PRODUCTS_DIR; };
		CF108BDC185C0A01001E6706 /* Foundation.framework */ = {isa = PBXFileReference; lastKnownFileType = wrapper.framework; name = Foundation.framework; path = System/Library/Frameworks/Foundation.framework; sourceTree = SDKROOT; };
		CF108BDE185C0A01001E6706 /* CoreGraphics.framework */ = {isa = PBXFileReference; lastKnownFileType = wrapper.framework; name = CoreGraphics.framework; path = System/Library/Frameworks/CoreGraphics.framework; sourceTree = SDKROOT; };
		CF108BE0185C0A01001E6706 /* UIKit.framework */ = {isa = PBXFileReference; lastKnownFileType = wrapper.framework; name = UIKit.framework; path = System/Library/Frameworks/UIKit.framework; sourceTree = SDKROOT; };
		CF108BE4185C0A01001E6706 /* Poing-Info.plist */ = {isa = PBXFileReference; lastKnownFileType = text.plist.xml; path = "Poing-Info.plist"; sourceTree = "<group>"; };
		CF108BE6185C0A01001E6706 /* en */ = {isa = PBXFileReference; lastKnownFileType = text.plist.strings; name = en; path = en.lproj/InfoPlist.strings; sourceTree = "<group>"; };
		CF108BE8185C0A01001E6706 /* main.m */ = {isa = PBXFileReference; lastKnownFileType = sourcecode.c.objc; path = main.m; sourceTree = "<group>"; };
		CF108BEA185C0A01001E6706 /* Poing-Prefix.pch */ = {isa = PBXFileReference; lastKnownFileType = sourcecode.c.h; path = "Poing-Prefix.pch"; sourceTree = "<group>"; };
		CF108BEB185C0A01001E6706 /* AAAppDelegate.h */ = {isa = PBXFileReference; lastKnownFileType = sourcecode.c.h; path = AAAppDelegate.h; sourceTree = "<group>"; };
		CF108BEC185C0A01001E6706 /* AAAppDelegate.m */ = {isa = PBXFileReference; lastKnownFileType = sourcecode.c.objc; path = AAAppDelegate.m; sourceTree = "<group>"; };
		CF108BEF185C0A01001E6706 /* Base */ = {isa = PBXFileReference; lastKnownFileType = file.storyboard; name = Base; path = Base.lproj/Main.storyboard; sourceTree = "<group>"; };
		CF108BF1185C0A01001E6706 /* AAFirstViewController.h */ = {isa = PBXFileReference; lastKnownFileType = sourcecode.c.h; path = AAFirstViewController.h; sourceTree = "<group>"; };
		CF108BF2185C0A01001E6706 /* AAFirstViewController.m */ = {isa = PBXFileReference; lastKnownFileType = sourcecode.c.objc; path = AAFirstViewController.m; sourceTree = "<group>"; };
		CF108BF7185C0A01001E6706 /* Images.xcassets */ = {isa = PBXFileReference; lastKnownFileType = folder.assetcatalog; path = Images.xcassets; sourceTree = "<group>"; };
		CF108BFD185C0A01001E6706 /* PoingTests.xctest */ = {isa = PBXFileReference; explicitFileType = wrapper.cfbundle; includeInIndex = 0; path = PoingTests.xctest; sourceTree = BUILT_PRODUCTS_DIR; };
		CF108BFE185C0A01001E6706 /* XCTest.framework */ = {isa = PBXFileReference; lastKnownFileType = wrapper.framework; name = XCTest.framework; path = Library/Frameworks/XCTest.framework; sourceTree = DEVELOPER_DIR; };
		CF108C06185C0A01001E6706 /* PoingTests-Info.plist */ = {isa = PBXFileReference; lastKnownFileType = text.plist.xml; path = "PoingTests-Info.plist"; sourceTree = "<group>"; };
		CF108C08185C0A01001E6706 /* en */ = {isa = PBXFileReference; lastKnownFileType = text.plist.strings; name = en; path = en.lproj/InfoPlist.strings; sourceTree = "<group>"; };
		CF108C0A185C0A01001E6706 /* PoingTests.m */ = {isa = PBXFileReference; lastKnownFileType = sourcecode.c.objc; path = PoingTests.m; sourceTree = "<group>"; };
		CF108C15185C3D01001E6706 /* BellSchedule.xcdatamodel */ = {isa = PBXFileReference; lastKnownFileType = wrapper.xcdatamodel; path = BellSchedule.xcdatamodel; sourceTree = "<group>"; };
		CF85FCE1185D4F7000C70BE1 /* Period.h */ = {isa = PBXFileReference; fileEncoding = 4; lastKnownFileType = sourcecode.c.h; path = Period.h; sourceTree = "<group>"; };
		CF85FCE2185D4F7000C70BE1 /* Period.m */ = {isa = PBXFileReference; fileEncoding = 4; lastKnownFileType = sourcecode.c.objc; path = Period.m; sourceTree = "<group>"; };
		CF85FCE7185D4F7000C70BE1 /* Bell.h */ = {isa = PBXFileReference; fileEncoding = 4; lastKnownFileType = sourcecode.c.h; path = Bell.h; sourceTree = "<group>"; };
		CF85FCE8185D4F7000C70BE1 /* Bell.m */ = {isa = PBXFileReference; fileEncoding = 4; lastKnownFileType = sourcecode.c.objc; path = Bell.m; sourceTree = "<group>"; };
		CF85FCEA185D4F7000C70BE1 /* BellCyclePeriod.h */ = {isa = PBXFileReference; fileEncoding = 4; lastKnownFileType = sourcecode.c.h; path = BellCyclePeriod.h; sourceTree = "<group>"; };
		CF85FCEB185D4F7000C70BE1 /* BellCyclePeriod.m */ = {isa = PBXFileReference; fileEncoding = 4; lastKnownFileType = sourcecode.c.objc; path = BellCyclePeriod.m; sourceTree = "<group>"; };
		CF85FCED185D4F7000C70BE1 /* Cycle.h */ = {isa = PBXFileReference; fileEncoding = 4; lastKnownFileType = sourcecode.c.h; path = Cycle.h; sourceTree = "<group>"; };
		CF85FCEE185D4F7000C70BE1 /* Cycle.m */ = {isa = PBXFileReference; fileEncoding = 4; lastKnownFileType = sourcecode.c.objc; path = Cycle.m; sourceTree = "<group>"; };
		CF85FCF0185D4FB400C70BE1 /* AAScheduleLoader.h */ = {isa = PBXFileReference; fileEncoding = 4; lastKnownFileType = sourcecode.c.h; path = AAScheduleLoader.h; sourceTree = "<group>"; };
		CF85FCF1185D4FB400C70BE1 /* AAScheduleLoader.m */ = {isa = PBXFileReference; fileEncoding = 4; lastKnownFileType = sourcecode.c.objc; path = AAScheduleLoader.m; sourceTree = "<group>"; };
		CF85FCF3185D501400C70BE1 /* CoreData.framework */ = {isa = PBXFileReference; lastKnownFileType = wrapper.framework; name = CoreData.framework; path = System/Library/Frameworks/CoreData.framework; sourceTree = SDKROOT; };
		CF85FCF5185D5C7900C70BE1 /* Bell+Create.h */ = {isa = PBXFileReference; fileEncoding = 4; lastKnownFileType = sourcecode.c.h; path = "Bell+Create.h"; sourceTree = "<group>"; };
		CF85FCF6185D5C7900C70BE1 /* Bell+Create.m */ = {isa = PBXFileReference; fileEncoding = 4; lastKnownFileType = sourcecode.c.objc; path = "Bell+Create.m"; sourceTree = "<group>"; };
		CF85FCF8185D712500C70BE1 /* Cycle+Create.h */ = {isa = PBXFileReference; fileEncoding = 4; lastKnownFileType = sourcecode.c.h; path = "Cycle+Create.h"; sourceTree = "<group>"; };
		CF85FCF9185D712500C70BE1 /* Cycle+Create.m */ = {isa = PBXFileReference; fileEncoding = 4; lastKnownFileType = sourcecode.c.objc; path = "Cycle+Create.m"; sourceTree = "<group>"; };
		CF85FCFB185D7EC100C70BE1 /* Period+Create.h */ = {isa = PBXFileReference; fileEncoding = 4; lastKnownFileType = sourcecode.c.h; path = "Period+Create.h"; sourceTree = "<group>"; };
		CF85FCFC185D7EC100C70BE1 /* Period+Create.m */ = {isa = PBXFileReference; fileEncoding = 4; lastKnownFileType = sourcecode.c.objc; path = "Period+Create.m"; sourceTree = "<group>"; };
		CF85FD06185E492D00C70BE1 /* SchoolDay.h */ = {isa = PBXFileReference; fileEncoding = 4; lastKnownFileType = sourcecode.c.h; path = SchoolDay.h; sourceTree = "<group>"; };
		CF85FD07185E492D00C70BE1 /* SchoolDay.m */ = {isa = PBXFileReference; fileEncoding = 4; lastKnownFileType = sourcecode.c.objc; path = SchoolDay.m; sourceTree = "<group>"; };
		CF85FD09185E494F00C70BE1 /* SchoolDay+Create.h */ = {isa = PBXFileReference; fileEncoding = 4; lastKnownFileType = sourcecode.c.h; path = "SchoolDay+Create.h"; sourceTree = "<group>"; };
		CF85FD0A185E494F00C70BE1 /* SchoolDay+Create.m */ = {isa = PBXFileReference; fileEncoding = 4; lastKnownFileType = sourcecode.c.objc; path = "SchoolDay+Create.m"; sourceTree = "<group>"; };
		CF85FD0C185E4D1100C70BE1 /* BellCycle+Create.h */ = {isa = PBXFileReference; fileEncoding = 4; lastKnownFileType = sourcecode.c.h; path = "BellCycle+Create.h"; sourceTree = "<group>"; };
		CF85FD0D185E4D1100C70BE1 /* BellCycle+Create.m */ = {isa = PBXFileReference; fileEncoding = 4; lastKnownFileType = sourcecode.c.objc; path = "BellCycle+Create.m"; sourceTree = "<group>"; };
		CF85FD0F185E5B5800C70BE1 /* schedule.json */ = {isa = PBXFileReference; fileEncoding = 4; lastKnownFileType = text.json; path = schedule.json; sourceTree = "<group>"; };
		CF85FD11185E635300C70BE1 /* CoreDataTableViewController.h */ = {isa = PBXFileReference; fileEncoding = 4; lastKnownFileType = sourcecode.c.h; path = CoreDataTableViewController.h; sourceTree = "<group>"; };
		CF85FD12185E635300C70BE1 /* CoreDataTableViewController.m */ = {isa = PBXFileReference; fileEncoding = 4; lastKnownFileType = sourcecode.c.objc; path = CoreDataTableViewController.m; sourceTree = "<group>"; };
		CF85FD14185E649500C70BE1 /* AASchoolDayCDTVC.h */ = {isa = PBXFileReference; fileEncoding = 4; lastKnownFileType = sourcecode.c.h; path = AASchoolDayCDTVC.h; sourceTree = "<group>"; };
		CF85FD15185E649500C70BE1 /* AASchoolDayCDTVC.m */ = {isa = PBXFileReference; fileEncoding = 4; lastKnownFileType = sourcecode.c.objc; path = AASchoolDayCDTVC.m; sourceTree = "<group>"; };
		CF85FD62185E6EF800C70BE1 /* BellCycle+Info.h */ = {isa = PBXFileReference; fileEncoding = 4; lastKnownFileType = sourcecode.c.h; path = "BellCycle+Info.h"; sourceTree = "<group>"; };
		CF85FD63185E6EF800C70BE1 /* BellCycle+Info.m */ = {isa = PBXFileReference; fileEncoding = 4; lastKnownFileType = sourcecode.c.objc; path = "BellCycle+Info.m"; sourceTree = "<group>"; };
		CF85FD65185E7FBA00C70BE1 /* BellCyclePeriod+Create.h */ = {isa = PBXFileReference; fileEncoding = 4; lastKnownFileType = sourcecode.c.h; path = "BellCyclePeriod+Create.h"; sourceTree = "<group>"; };
		CF85FD66185E7FBA00C70BE1 /* BellCyclePeriod+Create.m */ = {isa = PBXFileReference; fileEncoding = 4; lastKnownFileType = sourcecode.c.objc; path = "BellCyclePeriod+Create.m"; sourceTree = "<group>"; };
		CF85FD68185EEE0900C70BE1 /* AABellScheduleVC.h */ = {isa = PBXFileReference; fileEncoding = 4; lastKnownFileType = sourcecode.c.h; path = AABellScheduleVC.h; sourceTree = "<group>"; };
		CF85FD69185EEE0900C70BE1 /* AABellScheduleVC.m */ = {isa = PBXFileReference; fileEncoding = 4; lastKnownFileType = sourcecode.c.objc; path = AABellScheduleVC.m; sourceTree = "<group>"; };
		CF85FD6B185EF2B900C70BE1 /* BellCyclePeriod+Info.h */ = {isa = PBXFileReference; fileEncoding = 4; lastKnownFileType = sourcecode.c.h; path = "BellCyclePeriod+Info.h"; sourceTree = "<group>"; };
		CF85FD6C185EF2B900C70BE1 /* BellCyclePeriod+Info.m */ = {isa = PBXFileReference; fileEncoding = 4; lastKnownFileType = sourcecode.c.objc; path = "BellCyclePeriod+Info.m"; sourceTree = "<group>"; };
		CF85FD6E185EF63100C70BE1 /* BellCycle.h */ = {isa = PBXFileReference; fileEncoding = 4; lastKnownFileType = sourcecode.c.h; path = BellCycle.h; sourceTree = "<group>"; };
		CF85FD6F185EF63100C70BE1 /* BellCycle.m */ = {isa = PBXFileReference; fileEncoding = 4; lastKnownFileType = sourcecode.c.objc; path = BellCycle.m; sourceTree = "<group>"; };
		CF85FD71185EFD5100C70BE1 /* SchoolDay+Info.h */ = {isa = PBXFileReference; fileEncoding = 4; lastKnownFileType = sourcecode.c.h; path = "SchoolDay+Info.h"; sourceTree = "<group>"; };
		CF85FD72185EFD5100C70BE1 /* SchoolDay+Info.m */ = {isa = PBXFileReference; fileEncoding = 4; lastKnownFileType = sourcecode.c.objc; path = "SchoolDay+Info.m"; sourceTree = "<group>"; };
		CFB489F6187A84EC00B0C406 /* Section.h */ = {isa = PBXFileReference; fileEncoding = 4; lastKnownFileType = sourcecode.c.h; path = Section.h; sourceTree = "<group>"; };
		CFB489F7187A84EC00B0C406 /* Section.m */ = {isa = PBXFileReference; fileEncoding = 4; lastKnownFileType = sourcecode.c.objc; path = Section.m; sourceTree = "<group>"; };
		CFB56D40186663FA007ABFB1 /* AACheckScheduleVC.h */ = {isa = PBXFileReference; fileEncoding = 4; lastKnownFileType = sourcecode.c.h; path = AACheckScheduleVC.h; sourceTree = "<group>"; };
		CFB56D41186663FA007ABFB1 /* AACheckScheduleVC.m */ = {isa = PBXFileReference; fileEncoding = 4; lastKnownFileType = sourcecode.c.objc; path = AACheckScheduleVC.m; sourceTree = "<group>"; };
		CFB56D4318667B0A007ABFB1 /* AASchedule.h */ = {isa = PBXFileReference; fileEncoding = 4; lastKnownFileType = sourcecode.c.h; path = AASchedule.h; sourceTree = "<group>"; };
		CFB56D4418667B0A007ABFB1 /* AASchedule.m */ = {isa = PBXFileReference; fileEncoding = 4; lastKnownFileType = sourcecode.c.objc; path = AASchedule.m; sourceTree = "<group>"; };
		CFB56D461866D1D8007ABFB1 /* AADate.h */ = {isa = PBXFileReference; fileEncoding = 4; lastKnownFileType = sourcecode.c.h; path = AADate.h; sourceTree = "<group>"; };
		CFB56D471866D1D8007ABFB1 /* AADate.m */ = {isa = PBXFileReference; fileEncoding = 4; lastKnownFileType = sourcecode.c.objc; path = AADate.m; sourceTree = "<group>"; };
		CFB56D491866E197007ABFB1 /* QuartzCore.framework */ = {isa = PBXFileReference; lastKnownFileType = wrapper.framework; name = QuartzCore.framework; path = System/Library/Frameworks/QuartzCore.framework; sourceTree = SDKROOT; };
		CFB56D5A1867B770007ABFB1 /* Teacher.h */ = {isa = PBXFileReference; fileEncoding = 4; lastKnownFileType = sourcecode.c.h; path = Teacher.h; sourceTree = "<group>"; };
		CFB56D5B1867B770007ABFB1 /* Teacher.m */ = {isa = PBXFileReference; fileEncoding = 4; lastKnownFileType = sourcecode.c.objc; path = Teacher.m; sourceTree = "<group>"; };
		CFB56D5D1867B770007ABFB1 /* Course.h */ = {isa = PBXFileReference; fileEncoding = 4; lastKnownFileType = sourcecode.c.h; path = Course.h; sourceTree = "<group>"; };
		CFB56D5E1867B770007ABFB1 /* Course.m */ = {isa = PBXFileReference; fileEncoding = 4; lastKnownFileType = sourcecode.c.objc; path = Course.m; sourceTree = "<group>"; };
		CFB56D611867B7AC007ABFB1 /* Course+Create.h */ = {isa = PBXFileReference; fileEncoding = 4; lastKnownFileType = sourcecode.c.h; path = "Course+Create.h"; sourceTree = "<group>"; };
		CFB56D621867B7AC007ABFB1 /* Course+Create.m */ = {isa = PBXFileReference; fileEncoding = 4; lastKnownFileType = sourcecode.c.objc; path = "Course+Create.m"; sourceTree = "<group>"; };
		CFB56D641867B85F007ABFB1 /* Teacher+Create.h */ = {isa = PBXFileReference; fileEncoding = 4; lastKnownFileType = sourcecode.c.h; path = "Teacher+Create.h"; sourceTree = "<group>"; };
		CFB56D651867B85F007ABFB1 /* Teacher+Create.m */ = {isa = PBXFileReference; fileEncoding = 4; lastKnownFileType = sourcecode.c.objc; path = "Teacher+Create.m"; sourceTree = "<group>"; };
		CFB56D671867B9D3007ABFB1 /* Section+Create.h */ = {isa = PBXFileReference; fileEncoding = 4; lastKnownFileType = sourcecode.c.h; path = "Section+Create.h"; sourceTree = "<group>"; };
		CFB56D681867B9D3007ABFB1 /* Section+Create.m */ = {isa = PBXFileReference; fileEncoding = 4; lastKnownFileType = sourcecode.c.objc; path = "Section+Create.m"; sourceTree = "<group>"; };
		CFB56D6A1867BBAB007ABFB1 /* AATeacherLoader.h */ = {isa = PBXFileReference; fileEncoding = 4; lastKnownFileType = sourcecode.c.h; path = AATeacherLoader.h; sourceTree = "<group>"; };
		CFB56D6B1867BBAB007ABFB1 /* AATeacherLoader.m */ = {isa = PBXFileReference; fileEncoding = 4; lastKnownFileType = sourcecode.c.objc; path = AATeacherLoader.m; sourceTree = "<group>"; };
		CFB56D6D1867C4A2007ABFB1 /* teachers.json */ = {isa = PBXFileReference; fileEncoding = 4; lastKnownFileType = text.json; path = teachers.json; sourceTree = "<group>"; };
/* End PBXFileReference section */

/* Begin PBXFrameworksBuildPhase section */
		CF108BD6185C0A01001E6706 /* Frameworks */ = {
			isa = PBXFrameworksBuildPhase;
			buildActionMask = 2147483647;
			files = (
				CFB56D4A1866E197007ABFB1 /* QuartzCore.framework in Frameworks */,
				CF85FCF4185D501400C70BE1 /* CoreData.framework in Frameworks */,
				CF108BDF185C0A01001E6706 /* CoreGraphics.framework in Frameworks */,
				CF108BE1185C0A01001E6706 /* UIKit.framework in Frameworks */,
				CF108BDD185C0A01001E6706 /* Foundation.framework in Frameworks */,
			);
			runOnlyForDeploymentPostprocessing = 0;
		};
		CF108BFA185C0A01001E6706 /* Frameworks */ = {
			isa = PBXFrameworksBuildPhase;
			buildActionMask = 2147483647;
			files = (
				CF108BFF185C0A01001E6706 /* XCTest.framework in Frameworks */,
				CF108C01185C0A01001E6706 /* UIKit.framework in Frameworks */,
				CF108C00185C0A01001E6706 /* Foundation.framework in Frameworks */,
			);
			runOnlyForDeploymentPostprocessing = 0;
		};
/* End PBXFrameworksBuildPhase section */

/* Begin PBXGroup section */
		CF108BD0185C0A01001E6706 = {
			isa = PBXGroup;
			children = (
				CF108BE2185C0A01001E6706 /* Poing */,
				CF108C04185C0A01001E6706 /* PoingTests */,
				CF108BDB185C0A01001E6706 /* Frameworks */,
				CF108BDA185C0A01001E6706 /* Products */,
			);
			sourceTree = "<group>";
		};
		CF108BDA185C0A01001E6706 /* Products */ = {
			isa = PBXGroup;
			children = (
				CF108BD9185C0A01001E6706 /* Poing.app */,
				CF108BFD185C0A01001E6706 /* PoingTests.xctest */,
			);
			name = Products;
			sourceTree = "<group>";
		};
		CF108BDB185C0A01001E6706 /* Frameworks */ = {
			isa = PBXGroup;
			children = (
				CFB56D491866E197007ABFB1 /* QuartzCore.framework */,
				CF85FCF3185D501400C70BE1 /* CoreData.framework */,
				CF108BDC185C0A01001E6706 /* Foundation.framework */,
				CF108BDE185C0A01001E6706 /* CoreGraphics.framework */,
				CF108BE0185C0A01001E6706 /* UIKit.framework */,
				CF108BFE185C0A01001E6706 /* XCTest.framework */,
			);
			name = Frameworks;
			sourceTree = "<group>";
		};
		CF108BE2185C0A01001E6706 /* Poing */ = {
			isa = PBXGroup;
			children = (
				CF85FD00185E465300C70BE1 /* Data */,
				CF85FD17185E649D00C70BE1 /* TableViews */,
				CF108BEB185C0A01001E6706 /* AAAppDelegate.h */,
				CF108BEC185C0A01001E6706 /* AAAppDelegate.m */,
				CF108BEE185C0A01001E6706 /* Main.storyboard */,
				CF108BF1185C0A01001E6706 /* AAFirstViewController.h */,
				CF108BF2185C0A01001E6706 /* AAFirstViewController.m */,
				CFB56D40186663FA007ABFB1 /* AACheckScheduleVC.h */,
				CFB56D41186663FA007ABFB1 /* AACheckScheduleVC.m */,
				CFB56D461866D1D8007ABFB1 /* AADate.h */,
				CFB56D471866D1D8007ABFB1 /* AADate.m */,
				CFB56D4318667B0A007ABFB1 /* AASchedule.h */,
				CFB56D4418667B0A007ABFB1 /* AASchedule.m */,
				CF108BF7185C0A01001E6706 /* Images.xcassets */,
				CF108BE3185C0A01001E6706 /* Supporting Files */,
			);
			path = Poing;
			sourceTree = "<group>";
		};
		CF108BE3185C0A01001E6706 /* Supporting Files */ = {
			isa = PBXGroup;
			children = (
				21687FF9187E00CA00E08886 /* Casey's Picture@2x.png */,
				21687FF5187DFB9400E08886 /* Casey's Picture.png */,
				CF108BE4185C0A01001E6706 /* Poing-Info.plist */,
				CF108BE5185C0A01001E6706 /* InfoPlist.strings */,
				CF108BE8185C0A01001E6706 /* main.m */,
				CF108BEA185C0A01001E6706 /* Poing-Prefix.pch */,
			);
			name = "Supporting Files";
			sourceTree = "<group>";
		};
		CF108C04185C0A01001E6706 /* PoingTests */ = {
			isa = PBXGroup;
			children = (
				CF108C0A185C0A01001E6706 /* PoingTests.m */,
				CF108C05185C0A01001E6706 /* Supporting Files */,
			);
			path = PoingTests;
			sourceTree = "<group>";
		};
		CF108C05185C0A01001E6706 /* Supporting Files */ = {
			isa = PBXGroup;
			children = (
				CF108C06185C0A01001E6706 /* PoingTests-Info.plist */,
				CF108C07185C0A01001E6706 /* InfoPlist.strings */,
			);
			name = "Supporting Files";
			sourceTree = "<group>";
		};
		CF85FD00185E465300C70BE1 /* Data */ = {
			isa = PBXGroup;
			children = (
				CFB56D601867B79B007ABFB1 /* TeacherCategories */,
				CFB56D4D1867B72E007ABFB1 /* TeacherMOs */,
				CF85FD02185E469100C70BE1 /* ScheduleCategories */,
				CF85FD01185E468500C70BE1 /* ScheduleMOs */,
				CF108C14185C3D01001E6706 /* BellSchedule.xcdatamodeld */,
				CF85FD0F185E5B5800C70BE1 /* schedule.json */,
				CFB56D6D1867C4A2007ABFB1 /* teachers.json */,
				CF85FCF0185D4FB400C70BE1 /* AAScheduleLoader.h */,
				CF85FCF1185D4FB400C70BE1 /* AAScheduleLoader.m */,
				CFB56D6A1867BBAB007ABFB1 /* AATeacherLoader.h */,
				CFB56D6B1867BBAB007ABFB1 /* AATeacherLoader.m */,
			);
			name = Data;
			sourceTree = "<group>";
		};
		CF85FD01185E468500C70BE1 /* ScheduleMOs */ = {
			isa = PBXGroup;
			children = (
				CF85FD6E185EF63100C70BE1 /* BellCycle.h */,
				CF85FD6F185EF63100C70BE1 /* BellCycle.m */,
				CF85FD06185E492D00C70BE1 /* SchoolDay.h */,
				CF85FD07185E492D00C70BE1 /* SchoolDay.m */,
				CF85FCED185D4F7000C70BE1 /* Cycle.h */,
				CF85FCEE185D4F7000C70BE1 /* Cycle.m */,
				CF85FCEA185D4F7000C70BE1 /* BellCyclePeriod.h */,
				CF85FCEB185D4F7000C70BE1 /* BellCyclePeriod.m */,
				CF85FCE7185D4F7000C70BE1 /* Bell.h */,
				CF85FCE8185D4F7000C70BE1 /* Bell.m */,
				CF85FCE1185D4F7000C70BE1 /* Period.h */,
				CF85FCE2185D4F7000C70BE1 /* Period.m */,
			);
			name = ScheduleMOs;
			sourceTree = "<group>";
		};
		CF85FD02185E469100C70BE1 /* ScheduleCategories */ = {
			isa = PBXGroup;
			children = (
				CF85FCF5185D5C7900C70BE1 /* Bell+Create.h */,
				CF85FCF6185D5C7900C70BE1 /* Bell+Create.m */,
				CF85FCF8185D712500C70BE1 /* Cycle+Create.h */,
				CF85FCF9185D712500C70BE1 /* Cycle+Create.m */,
				CF85FCFB185D7EC100C70BE1 /* Period+Create.h */,
				CF85FCFC185D7EC100C70BE1 /* Period+Create.m */,
				CF85FD09185E494F00C70BE1 /* SchoolDay+Create.h */,
				CF85FD0A185E494F00C70BE1 /* SchoolDay+Create.m */,
				CF85FD71185EFD5100C70BE1 /* SchoolDay+Info.h */,
				CF85FD72185EFD5100C70BE1 /* SchoolDay+Info.m */,
				CF85FD0C185E4D1100C70BE1 /* BellCycle+Create.h */,
				CF85FD0D185E4D1100C70BE1 /* BellCycle+Create.m */,
				CF85FD62185E6EF800C70BE1 /* BellCycle+Info.h */,
				CF85FD63185E6EF800C70BE1 /* BellCycle+Info.m */,
				CF85FD65185E7FBA00C70BE1 /* BellCyclePeriod+Create.h */,
				CF85FD66185E7FBA00C70BE1 /* BellCyclePeriod+Create.m */,
				CF85FD6B185EF2B900C70BE1 /* BellCyclePeriod+Info.h */,
				CF85FD6C185EF2B900C70BE1 /* BellCyclePeriod+Info.m */,
			);
			name = ScheduleCategories;
			sourceTree = "<group>";
		};
		CF85FD17185E649D00C70BE1 /* TableViews */ = {
			isa = PBXGroup;
			children = (
				CF85FD14185E649500C70BE1 /* AASchoolDayCDTVC.h */,
				CF85FD15185E649500C70BE1 /* AASchoolDayCDTVC.m */,
				CF85FD11185E635300C70BE1 /* CoreDataTableViewController.h */,
				CF85FD12185E635300C70BE1 /* CoreDataTableViewController.m */,
				CF85FD68185EEE0900C70BE1 /* AABellScheduleVC.h */,
				CF85FD69185EEE0900C70BE1 /* AABellScheduleVC.m */,
			);
			name = TableViews;
			sourceTree = "<group>";
		};
		CFB56D4D1867B72E007ABFB1 /* TeacherMOs */ = {
			isa = PBXGroup;
			children = (
				CFB489F6187A84EC00B0C406 /* Section.h */,
				CFB489F7187A84EC00B0C406 /* Section.m */,
				CFB56D5D1867B770007ABFB1 /* Course.h */,
				CFB56D5E1867B770007ABFB1 /* Course.m */,
				CFB56D5A1867B770007ABFB1 /* Teacher.h */,
				CFB56D5B1867B770007ABFB1 /* Teacher.m */,
			);
			name = TeacherMOs;
			sourceTree = "<group>";
		};
		CFB56D601867B79B007ABFB1 /* TeacherCategories */ = {
			isa = PBXGroup;
			children = (
				CFB56D611867B7AC007ABFB1 /* Course+Create.h */,
				CFB56D621867B7AC007ABFB1 /* Course+Create.m */,
				CFB56D641867B85F007ABFB1 /* Teacher+Create.h */,
				CFB56D651867B85F007ABFB1 /* Teacher+Create.m */,
				CFB56D671867B9D3007ABFB1 /* Section+Create.h */,
				CFB56D681867B9D3007ABFB1 /* Section+Create.m */,
			);
			name = TeacherCategories;
			sourceTree = "<group>";
		};
/* End PBXGroup section */

/* Begin PBXNativeTarget section */
		CF108BD8185C0A01001E6706 /* Poing */ = {
			isa = PBXNativeTarget;
			buildConfigurationList = CF108C0E185C0A01001E6706 /* Build configuration list for PBXNativeTarget "Poing" */;
			buildPhases = (
				CF108BD5185C0A01001E6706 /* Sources */,
				CF108BD6185C0A01001E6706 /* Frameworks */,
				CF108BD7185C0A01001E6706 /* Resources */,
			);
			buildRules = (
			);
			dependencies = (
			);
			name = Poing;
			productName = Poing;
			productReference = CF108BD9185C0A01001E6706 /* Poing.app */;
			productType = "com.apple.product-type.application";
		};
		CF108BFC185C0A01001E6706 /* PoingTests */ = {
			isa = PBXNativeTarget;
			buildConfigurationList = CF108C11185C0A01001E6706 /* Build configuration list for PBXNativeTarget "PoingTests" */;
			buildPhases = (
				CF108BF9185C0A01001E6706 /* Sources */,
				CF108BFA185C0A01001E6706 /* Frameworks */,
				CF108BFB185C0A01001E6706 /* Resources */,
			);
			buildRules = (
			);
			dependencies = (
				CF108C03185C0A01001E6706 /* PBXTargetDependency */,
			);
			name = PoingTests;
			productName = PoingTests;
			productReference = CF108BFD185C0A01001E6706 /* PoingTests.xctest */;
			productType = "com.apple.product-type.bundle.unit-test";
		};
/* End PBXNativeTarget section */

/* Begin PBXProject section */
		CF108BD1185C0A01001E6706 /* Project object */ = {
			isa = PBXProject;
			attributes = {
				CLASSPREFIX = AA;
				LastUpgradeCheck = 0500;
				ORGANIZATIONNAME = AgencyAgency;
				TargetAttributes = {
					CF108BFC185C0A01001E6706 = {
						TestTargetID = CF108BD8185C0A01001E6706;
					};
				};
			};
			buildConfigurationList = CF108BD4185C0A01001E6706 /* Build configuration list for PBXProject "Poing" */;
			compatibilityVersion = "Xcode 3.2";
			developmentRegion = English;
			hasScannedForEncodings = 0;
			knownRegions = (
				en,
				Base,
			);
			mainGroup = CF108BD0185C0A01001E6706;
			productRefGroup = CF108BDA185C0A01001E6706 /* Products */;
			projectDirPath = "";
			projectRoot = "";
			targets = (
				CF108BD8185C0A01001E6706 /* Poing */,
				CF108BFC185C0A01001E6706 /* PoingTests */,
			);
		};
/* End PBXProject section */

/* Begin PBXResourcesBuildPhase section */
		CF108BD7185C0A01001E6706 /* Resources */ = {
			isa = PBXResourcesBuildPhase;
			buildActionMask = 2147483647;
			files = (
				CFB56D6E1867C4A2007ABFB1 /* teachers.json in Resources */,
				CF108BF8185C0A01001E6706 /* Images.xcassets in Resources */,
				CF108BE7185C0A01001E6706 /* InfoPlist.strings in Resources */,
				21687FFA187E00CA00E08886 /* Casey's Picture@2x.png in Resources */,
				21687FF6187DFB9400E08886 /* Casey's Picture.png in Resources */,
				CF85FD10185E5B5800C70BE1 /* schedule.json in Resources */,
				CF108BF0185C0A01001E6706 /* Main.storyboard in Resources */,
			);
			runOnlyForDeploymentPostprocessing = 0;
		};
		CF108BFB185C0A01001E6706 /* Resources */ = {
			isa = PBXResourcesBuildPhase;
			buildActionMask = 2147483647;
			files = (
				CF108C09185C0A01001E6706 /* InfoPlist.strings in Resources */,
			);
			runOnlyForDeploymentPostprocessing = 0;
		};
/* End PBXResourcesBuildPhase section */

/* Begin PBXSourcesBuildPhase section */
		CF108BD5185C0A01001E6706 /* Sources */ = {
			isa = PBXSourcesBuildPhase;
			buildActionMask = 2147483647;
			files = (
				CF85FCE9185D4F7000C70BE1 /* Bell.m in Sources */,
				CF85FD13185E635300C70BE1 /* CoreDataTableViewController.m in Sources */,
				CF85FD0B185E494F00C70BE1 /* SchoolDay+Create.m in Sources */,
				CF85FD08185E492D00C70BE1 /* SchoolDay.m in Sources */,
				CFB56D631867B7AC007ABFB1 /* Course+Create.m in Sources */,
				CFB56D6C1867BBAB007ABFB1 /* AATeacherLoader.m in Sources */,
				CF85FCEC185D4F7000C70BE1 /* BellCyclePeriod.m in Sources */,
				CF85FCF7185D5C7900C70BE1 /* Bell+Create.m in Sources */,
				CFB489F8187A84EC00B0C406 /* Section.m in Sources */,
				CF85FCEF185D4F7000C70BE1 /* Cycle.m in Sources */,
				CF85FCFD185D7EC100C70BE1 /* Period+Create.m in Sources */,
				CF108C16185C3D01001E6706 /* BellSchedule.xcdatamodeld in Sources */,
				CF108BED185C0A01001E6706 /* AAAppDelegate.m in Sources */,
				CF108BF3185C0A01001E6706 /* AAFirstViewController.m in Sources */,
				CFB56D481866D1D8007ABFB1 /* AADate.m in Sources */,
				CFB56D4518667B0A007ABFB1 /* AASchedule.m in Sources */,
				CF85FCFA185D712500C70BE1 /* Cycle+Create.m in Sources */,
				CF85FD70185EF63100C70BE1 /* BellCycle.m in Sources */,
				CF85FD0E185E4D1100C70BE1 /* BellCycle+Create.m in Sources */,
				CFB56D5C1867B770007ABFB1 /* Teacher.m in Sources */,
				CFB56D661867B85F007ABFB1 /* Teacher+Create.m in Sources */,
				CF85FD16185E649500C70BE1 /* AASchoolDayCDTVC.m in Sources */,
				CFB56D5F1867B770007ABFB1 /* Course.m in Sources */,
				CF85FD73185EFD5100C70BE1 /* SchoolDay+Info.m in Sources */,
				CF85FCE3185D4F7000C70BE1 /* Period.m in Sources */,
				CF85FD6D185EF2B900C70BE1 /* BellCyclePeriod+Info.m in Sources */,
				CF85FD64185E6EF800C70BE1 /* BellCycle+Info.m in Sources */,
				CF85FD6A185EEE0900C70BE1 /* AABellScheduleVC.m in Sources */,
				CF108BE9185C0A01001E6706 /* main.m in Sources */,
				CF85FCF2185D4FB400C70BE1 /* AAScheduleLoader.m in Sources */,
				CF85FD67185E7FBA00C70BE1 /* BellCyclePeriod+Create.m in Sources */,
				CFB56D42186663FA007ABFB1 /* AACheckScheduleVC.m in Sources */,
				CFB56D691867B9D3007ABFB1 /* Section+Create.m in Sources */,
			);
			runOnlyForDeploymentPostprocessing = 0;
		};
		CF108BF9185C0A01001E6706 /* Sources */ = {
			isa = PBXSourcesBuildPhase;
			buildActionMask = 2147483647;
			files = (
				CF108C0B185C0A01001E6706 /* PoingTests.m in Sources */,
			);
			runOnlyForDeploymentPostprocessing = 0;
		};
/* End PBXSourcesBuildPhase section */

/* Begin PBXTargetDependency section */
		CF108C03185C0A01001E6706 /* PBXTargetDependency */ = {
			isa = PBXTargetDependency;
			target = CF108BD8185C0A01001E6706 /* Poing */;
			targetProxy = CF108C02185C0A01001E6706 /* PBXContainerItemProxy */;
		};
/* End PBXTargetDependency section */

/* Begin PBXVariantGroup section */
		CF108BE5185C0A01001E6706 /* InfoPlist.strings */ = {
			isa = PBXVariantGroup;
			children = (
				CF108BE6185C0A01001E6706 /* en */,
			);
			name = InfoPlist.strings;
			sourceTree = "<group>";
		};
		CF108BEE185C0A01001E6706 /* Main.storyboard */ = {
			isa = PBXVariantGroup;
			children = (
				CF108BEF185C0A01001E6706 /* Base */,
			);
			name = Main.storyboard;
			sourceTree = "<group>";
		};
		CF108C07185C0A01001E6706 /* InfoPlist.strings */ = {
			isa = PBXVariantGroup;
			children = (
				CF108C08185C0A01001E6706 /* en */,
			);
			name = InfoPlist.strings;
			sourceTree = "<group>";
		};
/* End PBXVariantGroup section */

/* Begin XCBuildConfiguration section */
		CF108C0C185C0A01001E6706 /* Debug */ = {
			isa = XCBuildConfiguration;
			buildSettings = {
				ALWAYS_SEARCH_USER_PATHS = NO;
				ARCHS = "$(ARCHS_STANDARD_INCLUDING_64_BIT)";
				CLANG_CXX_LANGUAGE_STANDARD = "gnu++0x";
				CLANG_CXX_LIBRARY = "libc++";
				CLANG_ENABLE_MODULES = YES;
				CLANG_ENABLE_OBJC_ARC = YES;
				CLANG_WARN_BOOL_CONVERSION = YES;
				CLANG_WARN_CONSTANT_CONVERSION = YES;
				CLANG_WARN_DIRECT_OBJC_ISA_USAGE = YES_ERROR;
				CLANG_WARN_EMPTY_BODY = YES;
				CLANG_WARN_ENUM_CONVERSION = YES;
				CLANG_WARN_INT_CONVERSION = YES;
				CLANG_WARN_OBJC_ROOT_CLASS = YES_ERROR;
				CLANG_WARN__DUPLICATE_METHOD_MATCH = YES;
				"CODE_SIGN_IDENTITY[sdk=iphoneos*]" = "iPhone Developer";
				COPY_PHASE_STRIP = NO;
				GCC_C_LANGUAGE_STANDARD = gnu99;
				GCC_DYNAMIC_NO_PIC = NO;
				GCC_OPTIMIZATION_LEVEL = 0;
				GCC_PREPROCESSOR_DEFINITIONS = (
					"DEBUG=1",
					"$(inherited)",
				);
				GCC_SYMBOLS_PRIVATE_EXTERN = NO;
				GCC_WARN_64_TO_32_BIT_CONVERSION = YES;
				GCC_WARN_ABOUT_RETURN_TYPE = YES_ERROR;
				GCC_WARN_UNDECLARED_SELECTOR = YES;
				GCC_WARN_UNINITIALIZED_AUTOS = YES;
				GCC_WARN_UNUSED_FUNCTION = YES;
				GCC_WARN_UNUSED_VARIABLE = YES;
				IPHONEOS_DEPLOYMENT_TARGET = 7.0;
				ONLY_ACTIVE_ARCH = YES;
				SDKROOT = iphoneos;
				TARGETED_DEVICE_FAMILY = 2;
			};
			name = Debug;
		};
		CF108C0D185C0A01001E6706 /* Release */ = {
			isa = XCBuildConfiguration;
			buildSettings = {
				ALWAYS_SEARCH_USER_PATHS = NO;
				ARCHS = "$(ARCHS_STANDARD_INCLUDING_64_BIT)";
				CLANG_CXX_LANGUAGE_STANDARD = "gnu++0x";
				CLANG_CXX_LIBRARY = "libc++";
				CLANG_ENABLE_MODULES = YES;
				CLANG_ENABLE_OBJC_ARC = YES;
				CLANG_WARN_BOOL_CONVERSION = YES;
				CLANG_WARN_CONSTANT_CONVERSION = YES;
				CLANG_WARN_DIRECT_OBJC_ISA_USAGE = YES_ERROR;
				CLANG_WARN_EMPTY_BODY = YES;
				CLANG_WARN_ENUM_CONVERSION = YES;
				CLANG_WARN_INT_CONVERSION = YES;
				CLANG_WARN_OBJC_ROOT_CLASS = YES_ERROR;
				CLANG_WARN__DUPLICATE_METHOD_MATCH = YES;
				"CODE_SIGN_IDENTITY[sdk=iphoneos*]" = "iPhone Developer";
				COPY_PHASE_STRIP = YES;
				ENABLE_NS_ASSERTIONS = NO;
				GCC_C_LANGUAGE_STANDARD = gnu99;
				GCC_WARN_64_TO_32_BIT_CONVERSION = YES;
				GCC_WARN_ABOUT_RETURN_TYPE = YES_ERROR;
				GCC_WARN_UNDECLARED_SELECTOR = YES;
				GCC_WARN_UNINITIALIZED_AUTOS = YES;
				GCC_WARN_UNUSED_FUNCTION = YES;
				GCC_WARN_UNUSED_VARIABLE = YES;
				IPHONEOS_DEPLOYMENT_TARGET = 7.0;
				SDKROOT = iphoneos;
				TARGETED_DEVICE_FAMILY = 2;
				VALIDATE_PRODUCT = YES;
			};
			name = Release;
		};
		CF108C0F185C0A01001E6706 /* Debug */ = {
			isa = XCBuildConfiguration;
			buildSettings = {
				ASSETCATALOG_COMPILER_APPICON_NAME = AppIcon;
				ASSETCATALOG_COMPILER_LAUNCHIMAGE_NAME = LaunchImage;
				GCC_PRECOMPILE_PREFIX_HEADER = YES;
				GCC_PREFIX_HEADER = "Poing/Poing-Prefix.pch";
				INFOPLIST_FILE = "Poing/Poing-Info.plist";
				PRODUCT_NAME = "$(TARGET_NAME)";
				WRAPPER_EXTENSION = app;
			};
			name = Debug;
		};
		CF108C10185C0A01001E6706 /* Release */ = {
			isa = XCBuildConfiguration;
			buildSettings = {
				ASSETCATALOG_COMPILER_APPICON_NAME = AppIcon;
				ASSETCATALOG_COMPILER_LAUNCHIMAGE_NAME = LaunchImage;
				GCC_PRECOMPILE_PREFIX_HEADER = YES;
				GCC_PREFIX_HEADER = "Poing/Poing-Prefix.pch";
				INFOPLIST_FILE = "Poing/Poing-Info.plist";
				PRODUCT_NAME = "$(TARGET_NAME)";
				WRAPPER_EXTENSION = app;
			};
			name = Release;
		};
		CF108C12185C0A01001E6706 /* Debug */ = {
			isa = XCBuildConfiguration;
			buildSettings = {
				ARCHS = "$(ARCHS_STANDARD_INCLUDING_64_BIT)";
				BUNDLE_LOADER = "$(BUILT_PRODUCTS_DIR)/Poing.app/Poing";
				FRAMEWORK_SEARCH_PATHS = (
					"$(SDKROOT)/Developer/Library/Frameworks",
					"$(inherited)",
					"$(DEVELOPER_FRAMEWORKS_DIR)",
				);
				GCC_PRECOMPILE_PREFIX_HEADER = YES;
				GCC_PREFIX_HEADER = "Poing/Poing-Prefix.pch";
				GCC_PREPROCESSOR_DEFINITIONS = (
					"DEBUG=1",
					"$(inherited)",
				);
				INFOPLIST_FILE = "PoingTests/PoingTests-Info.plist";
				PRODUCT_NAME = "$(TARGET_NAME)";
				TEST_HOST = "$(BUNDLE_LOADER)";
				WRAPPER_EXTENSION = xctest;
			};
			name = Debug;
		};
		CF108C13185C0A01001E6706 /* Release */ = {
			isa = XCBuildConfiguration;
			buildSettings = {
				ARCHS = "$(ARCHS_STANDARD_INCLUDING_64_BIT)";
				BUNDLE_LOADER = "$(BUILT_PRODUCTS_DIR)/Poing.app/Poing";
				FRAMEWORK_SEARCH_PATHS = (
					"$(SDKROOT)/Developer/Library/Frameworks",
					"$(inherited)",
					"$(DEVELOPER_FRAMEWORKS_DIR)",
				);
				GCC_PRECOMPILE_PREFIX_HEADER = YES;
				GCC_PREFIX_HEADER = "Poing/Poing-Prefix.pch";
				INFOPLIST_FILE = "PoingTests/PoingTests-Info.plist";
				PRODUCT_NAME = "$(TARGET_NAME)";
				TEST_HOST = "$(BUNDLE_LOADER)";
				WRAPPER_EXTENSION = xctest;
			};
			name = Release;
		};
/* End XCBuildConfiguration section */

/* Begin XCConfigurationList section */
		CF108BD4185C0A01001E6706 /* Build configuration list for PBXProject "Poing" */ = {
			isa = XCConfigurationList;
			buildConfigurations = (
				CF108C0C185C0A01001E6706 /* Debug */,
				CF108C0D185C0A01001E6706 /* Release */,
			);
			defaultConfigurationIsVisible = 0;
			defaultConfigurationName = Release;
		};
		CF108C0E185C0A01001E6706 /* Build configuration list for PBXNativeTarget "Poing" */ = {
			isa = XCConfigurationList;
			buildConfigurations = (
				CF108C0F185C0A01001E6706 /* Debug */,
				CF108C10185C0A01001E6706 /* Release */,
			);
			defaultConfigurationIsVisible = 0;
			defaultConfigurationName = Release;
		};
		CF108C11185C0A01001E6706 /* Build configuration list for PBXNativeTarget "PoingTests" */ = {
			isa = XCConfigurationList;
			buildConfigurations = (
				CF108C12185C0A01001E6706 /* Debug */,
				CF108C13185C0A01001E6706 /* Release */,
			);
			defaultConfigurationIsVisible = 0;
			defaultConfigurationName = Release;
		};
/* End XCConfigurationList section */

/* Begin XCVersionGroup section */
		CF108C14185C3D01001E6706 /* BellSchedule.xcdatamodeld */ = {
			isa = XCVersionGroup;
			children = (
				CF108C15185C3D01001E6706 /* BellSchedule.xcdatamodel */,
			);
			currentVersion = CF108C15185C3D01001E6706 /* BellSchedule.xcdatamodel */;
			path = BellSchedule.xcdatamodeld;
			sourceTree = "<group>";
			versionGroupType = wrapper.xcdatamodel;
		};
/* End XCVersionGroup section */
	};
	rootObject = CF108BD1185C0A01001E6706 /* Project object */;
}
